
Microsoft Visual Studio Solution File, Format Version 12.00
# Visual Studio Version 17
VisualStudioVersion = 17.1.32210.238
MinimumVisualStudioVersion = 10.0.40219.1
Project("{FAE04EC0-301F-11D3-BF4B-00C04F79EFBC}") = "CapaPresentacionAdmin", "CapaPresentacionAdmin\CapaPresentacionAdmin.csproj", "{D4FC7136-01E1-4934-B782-5B856015973B}"
EndProject
Project("{FAE04EC0-301F-11D3-BF4B-00C04F79EFBC}") = "CapaPresentacionTienda", "CapaPresentacionTienda\CapaPresentacionTienda.csproj", "{044FF5E5-0449-4A41-95B4-3C701E68B134}"
EndProject
Project("{FAE04EC0-301F-11D3-BF4B-00C04F79EFBC}") = "CapaDatos", "CapaDatos\CapaDatos.csproj", "{6B1793A5-BD20-4443-9F74-929330222B00}"
EndProject
Project("{FAE04EC0-301F-11D3-BF4B-00C04F79EFBC}") = "CapaEntidad", "CapaEntidad\CapaEntidad.csproj", "{52E763BC-8EBE-40A8-BEE4-B5706B670A0A}"
EndProject
Project("{FAE04EC0-301F-11D3-BF4B-00C04F79EFBC}") = "CapaNegocio", "CapaNegocio\CapaNegocio.csproj", "{99B150CD-AE65-49BE-827E-29615A955E53}"
EndProject
Global
	GlobalSection(SolutionConfigurationPlatforms) = preSolution
		Debug|Any CPU = Debug|Any CPU
		Release|Any CPU = Release|Any CPU
	EndGlobalSection
	GlobalSection(ProjectConfigurationPlatforms) = postSolution
		{D4FC7136-01E1-4934-B782-5B856015973B}.Debug|Any CPU.ActiveCfg = Debug|Any CPU
		{D4FC7136-01E1-4934-B782-5B856015973B}.Debug|Any CPU.Build.0 = Debug|Any CPU
		{D4FC7136-01E1-4934-B782-5B856015973B}.Release|Any CPU.ActiveCfg = Release|Any CPU
		{D4FC7136-01E1-4934-B782-5B856015973B}.Release|Any CPU.Build.0 = Release|Any CPU
		{044FF5E5-0449-4A41-95B4-3C701E68B134}.Debug|Any CPU.ActiveCfg = Debug|Any CPU
		{044FF5E5-0449-4A41-95B4-3C701E68B134}.Debug|Any CPU.Build.0 = Debug|Any CPU
		{044FF5E5-0449-4A41-95B4-3C701E68B134}.Release|Any CPU.ActiveCfg = Release|Any CPU
		{044FF5E5-0449-4A41-95B4-3C701E68B134}.Release|Any CPU.Build.0 = Release|Any CPU
		{6B1793A5-BD20-4443-9F74-929330222B00}.Debug|Any CPU.ActiveCfg = Debug|Any CPU
		{6B1793A5-BD20-4443-9F74-929330222B00}.Debug|Any CPU.Build.0 = Debug|Any CPU
		{6B1793A5-BD20-4443-9F74-929330222B00}.Release|Any CPU.ActiveCfg = Release|Any CPU
		{6B1793A5-BD20-4443-9F74-929330222B00}.Release|Any CPU.Build.0 = Release|Any CPU
		{52E763BC-8EBE-40A8-BEE4-B5706B670A0A}.Debug|Any CPU.ActiveCfg = Debug|Any CPU
		{52E763BC-8EBE-40A8-BEE4-B5706B670A0A}.Debug|Any CPU.Build.0 = Debug|Any CPU
		{52E763BC-8EBE-40A8-BEE4-B5706B670A0A}.Release|Any CPU.ActiveCfg = Release|Any CPU
		{52E763BC-8EBE-40A8-BEE4-B5706B670A0A}.Release|Any CPU.Build.0 = Release|Any CPU
		{99B150CD-AE65-49BE-827E-29615A955E53}.Debug|Any CPU.ActiveCfg = Debug|Any CPU
		{99B150CD-AE65-49BE-827E-29615A955E53}.Debug|Any CPU.Build.0 = Debug|Any CPU
		{99B150CD-AE65-49BE-827E-29615A955E53}.Release|Any CPU.ActiveCfg = Release|Any CPU
		{99B150CD-AE65-49BE-827E-29615A955E53}.Release|Any CPU.Build.0 = Release|Any CPU
	EndGlobalSection
	GlobalSection(SolutionProperties) = preSolution
		HideSolutionNode = FALSE
	EndGlobalSection
	GlobalSection(ExtensibilityGlobals) = postSolution
		SolutionGuid = {67C46D13-62AE-499D-A703-73B883A22A2D}
	EndGlobalSection
EndGlobal
